// !$*UTF8*$!
{
	archiveVersion = 1;
	classes = {
	};
	objectVersion = 50;
	objects = {

/* Begin PBXBuildFile section */
		4C247A7C22C9EA3700061867 /* ContentView.swift in Sources */ = {isa = PBXBuildFile; fileRef = 4C247A7B22C9EA3700061867 /* ContentView.swift */; };
		4C247A7E22CA004100061867 /* welcomeScreen.mp4 in Resources */ = {isa = PBXBuildFile; fileRef = 4C247A7D22CA004100061867 /* welcomeScreen.mp4 */; };
		4C688D0F22C9E618008924AA /* AppDelegate.swift in Sources */ = {isa = PBXBuildFile; fileRef = 4C688D0E22C9E618008924AA /* AppDelegate.swift */; };
		4C688D1122C9E618008924AA /* SceneDelegate.swift in Sources */ = {isa = PBXBuildFile; fileRef = 4C688D1022C9E618008924AA /* SceneDelegate.swift */; };
		4C688D1522C9E61A008924AA /* Assets.xcassets in Resources */ = {isa = PBXBuildFile; fileRef = 4C688D1422C9E61A008924AA /* Assets.xcassets */; };
		4C688D1822C9E61A008924AA /* Preview Assets.xcassets in Resources */ = {isa = PBXBuildFile; fileRef = 4C688D1722C9E61A008924AA /* Preview Assets.xcassets */; };
		4C688D1B22C9E61A008924AA /* LaunchScreen.storyboard in Resources */ = {isa = PBXBuildFile; fileRef = 4C688D1922C9E61A008924AA /* LaunchScreen.storyboard */; };
		4C7B64E422D221F700CC5DA3 /* Utility.swift in Sources */ = {isa = PBXBuildFile; fileRef = 4C7B64E322D221F700CC5DA3 /* Utility.swift */; };
		4C7B64E622D22CF200CC5DA3 /* GitHubTrendingAPI.swift in Sources */ = {isa = PBXBuildFile; fileRef = 4C7B64E522D22CF200CC5DA3 /* GitHubTrendingAPI.swift */; };
		4C7B64E822D233CD00CC5DA3 /* GitHubTrendingStore.swift in Sources */ = {isa = PBXBuildFile; fileRef = 4C7B64E722D233CD00CC5DA3 /* GitHubTrendingStore.swift */; };
		4C7B64EA22D2402F00CC5DA3 /* NetworkErrorView.swift in Sources */ = {isa = PBXBuildFile; fileRef = 4C7B64E922D2402F00CC5DA3 /* NetworkErrorView.swift */; };
/* End PBXBuildFile section */

/* Begin PBXFileReference section */
		4C247A7B22C9EA3700061867 /* ContentView.swift */ = {isa = PBXFileReference; lastKnownFileType = sourcecode.swift; path = ContentView.swift; sourceTree = "<group>"; };
		4C247A7D22CA004100061867 /* welcomeScreen.mp4 */ = {isa = PBXFileReference; lastKnownFileType = file; path = welcomeScreen.mp4; sourceTree = "<group>"; };
		4C688D0B22C9E618008924AA /* SwiftUIDemo.app */ = {isa = PBXFileReference; explicitFileType = wrapper.application; includeInIndex = 0; path = SwiftUIDemo.app; sourceTree = BUILT_PRODUCTS_DIR; };
		4C688D0E22C9E618008924AA /* AppDelegate.swift */ = {isa = PBXFileReference; lastKnownFileType = sourcecode.swift; path = AppDelegate.swift; sourceTree = "<group>"; };
		4C688D1022C9E618008924AA /* SceneDelegate.swift */ = {isa = PBXFileReference; lastKnownFileType = sourcecode.swift; path = SceneDelegate.swift; sourceTree = "<group>"; };
		4C688D1422C9E61A008924AA /* Assets.xcassets */ = {isa = PBXFileReference; lastKnownFileType = folder.assetcatalog; path = Assets.xcassets; sourceTree = "<group>"; };
		4C688D1722C9E61A008924AA /* Preview Assets.xcassets */ = {isa = PBXFileReference; lastKnownFileType = folder.assetcatalog; path = "Preview Assets.xcassets"; sourceTree = "<group>"; };
		4C688D1A22C9E61A008924AA /* Base */ = {isa = PBXFileReference; lastKnownFileType = file.storyboard; name = Base; path = Base.lproj/LaunchScreen.storyboard; sourceTree = "<group>"; };
		4C688D1C22C9E61A008924AA /* Info.plist */ = {isa = PBXFileReference; lastKnownFileType = text.plist.xml; path = Info.plist; sourceTree = "<group>"; };
		4C7B64E322D221F700CC5DA3 /* Utility.swift */ = {isa = PBXFileReference; lastKnownFileType = sourcecode.swift; path = Utility.swift; sourceTree = "<group>"; };
		4C7B64E522D22CF200CC5DA3 /* GitHubTrendingAPI.swift */ = {isa = PBXFileReference; lastKnownFileType = sourcecode.swift; path = GitHubTrendingAPI.swift; sourceTree = "<group>"; };
		4C7B64E722D233CD00CC5DA3 /* GitHubTrendingStore.swift */ = {isa = PBXFileReference; lastKnownFileType = sourcecode.swift; path = GitHubTrendingStore.swift; sourceTree = "<group>"; };
		4C7B64E922D2402F00CC5DA3 /* NetworkErrorView.swift */ = {isa = PBXFileReference; lastKnownFileType = sourcecode.swift; path = NetworkErrorView.swift; sourceTree = "<group>"; };
/* End PBXFileReference section */

/* Begin PBXFrameworksBuildPhase section */
		4C688D0822C9E618008924AA /* Frameworks */ = {
			isa = PBXFrameworksBuildPhase;
			buildActionMask = 2147483647;
			files = (
			);
			runOnlyForDeploymentPostprocessing = 0;
		};
/* End PBXFrameworksBuildPhase section */

/* Begin PBXGroup section */
		4C688D0222C9E618008924AA = {
			isa = PBXGroup;
			children = (
				4C688D0D22C9E618008924AA /* SwiftUIDemo */,
				4C688D0C22C9E618008924AA /* Products */,
			);
			sourceTree = "<group>";
		};
		4C688D0C22C9E618008924AA /* Products */ = {
			isa = PBXGroup;
			children = (
				4C688D0B22C9E618008924AA /* SwiftUIDemo.app */,
			);
			name = Products;
			sourceTree = "<group>";
		};
		4C688D0D22C9E618008924AA /* SwiftUIDemo */ = {
			isa = PBXGroup;
			children = (
				4C688D0E22C9E618008924AA /* AppDelegate.swift */,
				4C688D1022C9E618008924AA /* SceneDelegate.swift */,
				4C247A7B22C9EA3700061867 /* ContentView.swift */,
				4C7B64E922D2402F00CC5DA3 /* NetworkErrorView.swift */,
				4C688D1422C9E61A008924AA /* Assets.xcassets */,
				4C688D1922C9E61A008924AA /* LaunchScreen.storyboard */,
				4C688D1C22C9E61A008924AA /* Info.plist */,
				4C688D1622C9E61A008924AA /* Preview Content */,
				4C7B64E722D233CD00CC5DA3 /* GitHubTrendingStore.swift */,
				4C7B64E522D22CF200CC5DA3 /* GitHubTrendingAPI.swift */,
				4C7B64E322D221F700CC5DA3 /* Utility.swift */,
			);
			path = SwiftUIDemo;
			sourceTree = "<group>";
		};
		4C688D1622C9E61A008924AA /* Preview Content */ = {
			isa = PBXGroup;
			children = (
				4C688D1722C9E61A008924AA /* Preview Assets.xcassets */,
				4C247A7D22CA004100061867 /* welcomeScreen.mp4 */,
			);
			path = "Preview Content";
			sourceTree = "<group>";
		};
/* End PBXGroup section */

/* Begin PBXNativeTarget section */
		4C688D0A22C9E618008924AA /* SwiftUIDemo */ = {
			isa = PBXNativeTarget;
			buildConfigurationList = 4C688D1F22C9E61A008924AA /* Build configuration list for PBXNativeTarget "SwiftUIDemo" */;
			buildPhases = (
				4C688D0722C9E618008924AA /* Sources */,
				4C688D0822C9E618008924AA /* Frameworks */,
				4C688D0922C9E618008924AA /* Resources */,
			);
			buildRules = (
			);
			dependencies = (
			);
			name = SwiftUIDemo;
			packageProductDependencies = (
			);
			productName = SwiftUIDemo;
			productReference = 4C688D0B22C9E618008924AA /* SwiftUIDemo.app */;
			productType = "com.apple.product-type.application";
		};
/* End PBXNativeTarget section */

/* Begin PBXProject section */
		4C688D0322C9E618008924AA /* Project object */ = {
			isa = PBXProject;
			attributes = {
				LastSwiftUpdateCheck = 1100;
				LastUpgradeCheck = 1100;
				ORGANIZATIONNAME = "Fengwei Liu";
				TargetAttributes = {
					4C688D0A22C9E618008924AA = {
						CreatedOnToolsVersion = 11.0;
					};
				};
			};
			buildConfigurationList = 4C688D0622C9E618008924AA /* Build configuration list for PBXProject "SwiftUIDemo" */;
			compatibilityVersion = "Xcode 9.3";
			developmentRegion = en;
			hasScannedForEncodings = 0;
			knownRegions = (
				en,
				Base,
			);
			mainGroup = 4C688D0222C9E618008924AA;
			packageReferences = (
			);
			productRefGroup = 4C688D0C22C9E618008924AA /* Products */;
			projectDirPath = "";
			projectRoot = "";
			targets = (
				4C688D0A22C9E618008924AA /* SwiftUIDemo */,
			);
		};
/* End PBXProject section */

/* Begin PBXResourcesBuildPhase section */
		4C688D0922C9E618008924AA /* Resources */ = {
			isa = PBXResourcesBuildPhase;
			buildActionMask = 2147483647;
			files = (
				4C247A7E22CA004100061867 /* welcomeScreen.mp4 in Resources */,
				4C688D1B22C9E61A008924AA /* LaunchScreen.storyboard in Resources */,
				4C688D1822C9E61A008924AA /* Preview Assets.xcassets in Resources */,
				4C688D1522C9E61A008924AA /* Assets.xcassets in Resources */,
			);
			runOnlyForDeploymentPostprocessing = 0;
		};
/* End PBXResourcesBuildPhase section */

/* Begin PBXSourcesBuildPhase section */
		4C688D0722C9E618008924AA /* Sources */ = {
			isa = PBXSourcesBuildPhase;
			buildActionMask = 2147483647;
			files = (
				4C7B64EA22D2402F00CC5DA3 /* NetworkErrorView.swift in Sources */,
				4C7B64E622D22CF200CC5DA3 /* GitHubTrendingAPI.swift in Sources */,
				4C7B64E422D221F700CC5DA3 /* Utility.swift in Sources */,
				4C688D0F22C9E618008924AA /* AppDelegate.swift in Sources */,
				4C688D1122C9E618008924AA /* SceneDelegate.swift in Sources */,
				4C7B64E822D233CD00CC5DA3 /* GitHubTrendingStore.swift in Sources */,
				4C247A7C22C9EA3700061867 /* ContentView.swift in Sources */,
			);
			runOnlyForDeploymentPostprocessing = 0;
		};
/* End PBXSourcesBuildPhase section */

/* Begin PBXVariantGroup section */
		4C688D1922C9E61A008924AA /* LaunchScreen.storyboard */ = {
			isa = PBXVariantGroup;
			children = (
				4C688D1A22C9E61A008924AA /* Base */,
			);
			name = LaunchScreen.storyboard;
			sourceTree = "<group>";
		};
/* End PBXVariantGroup section */

/* Begin XCBuildConfiguration section */
		4C688D1D22C9E61A008924AA /* Debug */ = {
			isa = XCBuildConfiguration;
			buildSettings = {
				ALWAYS_SEARCH_USER_PATHS = NO;
				CLANG_ANALYZER_NONNULL = YES;
				CLANG_ANALYZER_NUMBER_OBJECT_CONVERSION = YES_AGGRESSIVE;
				CLANG_CXX_LANGUAGE_STANDARD = "gnu++14";
				CLANG_CXX_LIBRARY = "libc++";
				CLANG_ENABLE_MODULES = YES;
				CLANG_ENABLE_OBJC_ARC = YES;
				CLANG_ENABLE_OBJC_WEAK = YES;
				CLANG_WARN_BLOCK_CAPTURE_AUTORELEASING = YES;
				CLANG_WARN_BOOL_CONVERSION = YES;
				CLANG_WARN_COMMA = YES;
				CLANG_WARN_CONSTANT_CONVERSION = YES;
				CLANG_WARN_DEPRECATED_OBJC_IMPLEMENTATIONS = YES;
				CLANG_WARN_DIRECT_OBJC_ISA_USAGE = YES_ERROR;
				CLANG_WARN_DOCUMENTATION_COMMENTS = YES;
				CLANG_WARN_EMPTY_BODY = YES;
				CLANG_WARN_ENUM_CONVERSION = YES;
				CLANG_WARN_INFINITE_RECURSION = YES;
				CLANG_WARN_INT_CONVERSION = YES;
				CLANG_WARN_NON_LITERAL_NULL_CONVERSION = YES;
				CLANG_WARN_OBJC_IMPLICIT_RETAIN_SELF = YES;
				CLANG_WARN_OBJC_LITERAL_CONVERSION = YES;
				CLANG_WARN_OBJC_ROOT_CLASS = YES_ERROR;
				CLANG_WARN_RANGE_LOOP_ANALYSIS = YES;
				CLANG_WARN_STRICT_PROTOTYPES = YES;
				CLANG_WARN_SUSPICIOUS_MOVE = YES;
				CLANG_WARN_UNGUARDED_AVAILABILITY = YES_AGGRESSIVE;
				CLANG_WARN_UNREACHABLE_CODE = YES;
				CLANG_WARN__DUPLICATE_METHOD_MATCH = YES;
				COPY_PHASE_STRIP = NO;
				DEBUG_INFORMATION_FORMAT = dwarf;
				ENABLE_STRICT_OBJC_MSGSEND = YES;
				ENABLE_TESTABILITY = YES;
				GCC_C_LANGUAGE_STANDARD = gnu11;
				GCC_DYNAMIC_NO_PIC = NO;
				GCC_NO_COMMON_BLOCKS = YES;
				GCC_OPTIMIZATION_LEVEL = 0;
				GCC_PREPROCESSOR_DEFINITIONS = (
					"DEBUG=1",
					"$(inherited)",
				);
				GCC_WARN_64_TO_32_BIT_CONVERSION = YES;
				GCC_WARN_ABOUT_RETURN_TYPE = YES_ERROR;
				GCC_WARN_UNDECLARED_SELECTOR = YES;
				GCC_WARN_UNINITIALIZED_AUTOS = YES_AGGRESSIVE;
				GCC_WARN_UNUSED_FUNCTION = YES;
				GCC_WARN_UNUSED_VARIABLE = YES;
				IPHONEOS_DEPLOYMENT_TARGET = 13.0;
				MTL_ENABLE_DEBUG_INFO = INCLUDE_SOURCE;
				MTL_FAST_MATH = YES;
				ONLY_ACTIVE_ARCH = YES;
				SDKROOT = iphoneos;
				SWIFT_ACTIVE_COMPILATION_CONDITIONS = DEBUG;
				SWIFT_OPTIMIZATION_LEVEL = "-Onone";
			};
			name = Debug;
		};
		4C688D1E22C9E61A008924AA /* Release */ = {
			isa = XCBuildConfiguration;
			buildSettings = {
				ALWAYS_SEARCH_USER_PATHS = NO;
				CLANG_ANALYZER_NONNULL = YES;
				CLANG_ANALYZER_NUMBER_OBJECT_CONVERSION = YES_AGGRESSIVE;
				CLANG_CXX_LANGUAGE_STANDARD = "gnu++14";
				CLANG_CXX_LIBRARY = "libc++";
				CLANG_ENABLE_MODULES = YES;
				CLANG_ENABLE_OBJC_ARC = YES;
				CLANG_ENABLE_OBJC_WEAK = YES;
				CLANG_WARN_BLOCK_CAPTURE_AUTORELEASING = YES;
				CLANG_WARN_BOOL_CONVERSION = YES;
				CLANG_WARN_COMMA = YES;
				CLANG_WARN_CONSTANT_CONVERSION = YES;
				CLANG_WARN_DEPRECATED_OBJC_IMPLEMENTATIONS = YES;
				CLANG_WARN_DIRECT_OBJC_ISA_USAGE = YES_ERROR;
				CLANG_WARN_DOCUMENTATION_COMMENTS = YES;
				CLANG_WARN_EMPTY_BODY = YES;
				CLANG_WARN_ENUM_CONVERSION = YES;
				CLANG_WARN_INFINITE_RECURSION = YES;
				CLANG_WARN_INT_CONVERSION = YES;
				CLANG_WARN_NON_LITERAL_NULL_CONVERSION = YES;
				CLANG_WARN_OBJC_IMPLICIT_RETAIN_SELF = YES;
				CLANG_WARN_OBJC_LITERAL_CONVERSION = YES;
				CLANG_WARN_OBJC_ROOT_CLASS = YES_ERROR;
				CLANG_WARN_RANGE_LOOP_ANALYSIS = YES;
				CLANG_WARN_STRICT_PROTOTYPES = YES;
				CLANG_WARN_SUSPICIOUS_MOVE = YES;
				CLANG_WARN_UNGUARDED_AVAILABILITY = YES_AGGRESSIVE;
				CLANG_WARN_UNREACHABLE_CODE = YES;
				CLANG_WARN__DUPLICATE_METHOD_MATCH = YES;
				COPY_PHASE_STRIP = NO;
				DEBUG_INFORMATION_FORMAT = "dwarf-with-dsym";
				ENABLE_NS_ASSERTIONS = NO;
				ENABLE_STRICT_OBJC_MSGSEND = YES;
				GCC_C_LANGUAGE_STANDARD = gnu11;
				GCC_NO_COMMON_BLOCKS = YES;
				GCC_WARN_64_TO_32_BIT_CONVERSION = YES;
				GCC_WARN_ABOUT_RETURN_TYPE = YES_ERROR;
				GCC_WARN_UNDECLARED_SELECTOR = YES;
				GCC_WARN_UNINITIALIZED_AUTOS = YES_AGGRESSIVE;
				GCC_WARN_UNUSED_FUNCTION = YES;
				GCC_WARN_UNUSED_VARIABLE = YES;
				IPHONEOS_DEPLOYMENT_TARGET = 13.0;
				MTL_ENABLE_DEBUG_INFO = NO;
				MTL_FAST_MATH = YES;
				SDKROOT = iphoneos;
				SWIFT_COMPILATION_MODE = wholemodule;
				SWIFT_OPTIMIZATION_LEVEL = "-O";
				VALIDATE_PRODUCT = YES;
			};
			name = Release;
		};
		4C688D2022C9E61A008924AA /* Debug */ = {
			isa = XCBuildConfiguration;
			buildSettings = {
				ASSETCATALOG_COMPILER_APPICON_NAME = AppIcon;
				CODE_SIGN_STYLE = Automatic;
				DEVELOPMENT_ASSET_PATHS = "SwiftUIDemo/Preview\\ Content";
				DEVELOPMENT_TEAM = 5R3ZSH9228;
				ENABLE_PREVIEWS = YES;
				INFOPLIST_FILE = SwiftUIDemo/Info.plist;
				LD_RUNPATH_SEARCH_PATHS = (
					"$(inherited)",
					"@executable_path/Frameworks",
				);
				PRODUCT_BUNDLE_IDENTIFIER = org.byted.demo.SwiftUIDemo;
				PRODUCT_NAME = "$(TARGET_NAME)";
				SWIFT_VERSION = 5.0;
				TARGETED_DEVICE_FAMILY = "1,2";
			};
			name = Debug;
		};
		4C688D2122C9E61A008924AA /* Release */ = {
			isa = XCBuildConfiguration;
			buildSettings = {
				ASSETCATALOG_COMPILER_APPICON_NAME = AppIcon;
				CODE_SIGN_STYLE = Automatic;
				DEVELOPMENT_ASSET_PATHS = "SwiftUIDemo/Preview\\ Content";
				DEVELOPMENT_TEAM = 5R3ZSH9228;
				ENABLE_PREVIEWS = YES;
				INFOPLIST_FILE = SwiftUIDemo/Info.plist;
				LD_RUNPATH_SEARCH_PATHS = (
					"$(inherited)",
					"@executable_path/Frameworks",
				);
				PRODUCT_BUNDLE_IDENTIFIER = org.byted.demo.SwiftUIDemo;
				PRODUCT_NAME = "$(TARGET_NAME)";
				SWIFT_VERSION = 5.0;
				TARGETED_DEVICE_FAMILY = "1,2";
			};
			name = Release;
		};
/* End XCBuildConfiguration section */

/* Begin XCConfigurationList section */
		4C688D0622C9E618008924AA /* Build configuration list for PBXProject "SwiftUIDemo" */ = {
			isa = XCConfigurationList;
			buildConfigurations = (
				4C688D1D22C9E61A008924AA /* Debug */,
				4C688D1E22C9E61A008924AA /* Release */,
			);
			defaultConfigurationIsVisible = 0;
			defaultConfigurationName = Release;
		};
		4C688D1F22C9E61A008924AA /* Build configuration list for PBXNativeTarget "SwiftUIDemo" */ = {
			isa = XCConfigurationList;
			buildConfigurations = (
				4C688D2022C9E61A008924AA /* Debug */,
				4C688D2122C9E61A008924AA /* Release */,
			);
			defaultConfigurationIsVisible = 0;
			defaultConfigurationName = Release;
		};
/* End XCConfigurationList section */
	};
	rootObject = 4C688D0322C9E618008924AA /* Project object */;
}
